
Microsoft Visual Studio Solution File, Format Version 12.00
Project("{FAE04EC0-301F-11D3-BF4B-00C04F79EFBC}") = "Toolkit", "Toolkit\Toolkit.csproj", "{853A13B3-CE32-46F1-AD82-AC40D8AC5281}"
EndProject
Project("{2150E333-8FDC-42A3-9474-1A3956D46DE8}") = "Solution Items", "Solution Items", "{3B520D17-8961-4147-97CE-077EDABFD468}"
	ProjectSection(SolutionItems) = preProject
		docker-compose.yml = docker-compose.yml
	EndProjectSection
EndProject
Project("{FAE04EC0-301F-11D3-BF4B-00C04F79EFBC}") = "ServerChat", "ServerChat\ServerChat.csproj", "{E9FC348A-F46D-47EF-9D89-30B5199948DD}"
EndProject
Project("{FAE04EC0-301F-11D3-BF4B-00C04F79EFBC}") = "ServerP2P", "ServerP2P\ServerP2P.csproj", "{8F5CF230-1D6B-461A-BA57-D93B2118F9E8}"
EndProject
Project("{FAE04EC0-301F-11D3-BF4B-00C04F79EFBC}") = "ServerBroadcast", "ServerBroadcast\ServerBroadcast.csproj", "{DD5FAD8E-0384-40B0-9FE0-F7EE0F373CF4}"
EndProject
Project("{FAE04EC0-301F-11D3-BF4B-00C04F79EFBC}") = "ToolkitTest", "ToolkitTest\ToolkitTest.csproj", "{CEB0E01A-36DD-440D-87DB-B9B72812BCB3}"
EndProject
Project("{FAE04EC0-301F-11D3-BF4B-00C04F79EFBC}") = "MagicPhysX", "MagicPhysX\MagicPhysX.csproj", "{669241D0-9E2B-4014-A46A-8F680E3A8220}"
EndProject
Project("{FAE04EC0-301F-11D3-BF4B-00C04F79EFBC}") = "MagicPhysX.Toolkit", "MagicPhysX.Toolkit\MagicPhysX.Toolkit.csproj", "{805691AB-EC32-43D1-B2BD-35D972841878}"
EndProject
Project("{FAE04EC0-301F-11D3-BF4B-00C04F79EFBC}") = "Toolkit.Client.Test", "Toolkit.Client.Test\Toolkit.Client.Test.csproj", "{90B86FA8-C4E2-478B-85A1-BD58E207254E}"
EndProject
Project("{FAE04EC0-301F-11D3-BF4B-00C04F79EFBC}") = "Toolkit.Server.Test", "Toolkit.Server.Test\Toolkit.Server.Test.csproj", "{EF0AE14B-7587-4ABE-AEC8-87F7384C53A3}"
EndProject
Project("{FAE04EC0-301F-11D3-BF4B-00C04F79EFBC}") = "PositionServer", "PositionServer\PositionServer.csproj", "{2598052A-6324-4FD2-8F26-6F395A2E921F}"
EndProject
Project("{FAE04EC0-301F-11D3-BF4B-00C04F79EFBC}") = "ServerPosition.Web", "ServerPosition.Web\ServerPosition.Web.csproj", "{27DDB457-770E-4C25-BC20-20CC347AC1ED}"
EndProject
Project("{2150E333-8FDC-42A3-9474-1A3956D46DE8}") = "Demo", "Demo", "{1AF5DAB6-B2D3-4ACF-B6B1-B3F83BD51CC7}"
EndProject
Project("{2150E333-8FDC-42A3-9474-1A3956D46DE8}") = "Toolkit", "Toolkit", "{6D5A55FB-684A-4366-ACBB-85A7C67E02C0}"
EndProject
Project("{2150E333-8FDC-42A3-9474-1A3956D46DE8}") = "Empty", "Empty", "{2014A63C-50C8-4886-8DAB-014D95362E45}"
EndProject
Project("{FAE04EC0-301F-11D3-BF4B-00C04F79EFBC}") = "PhyXServer", "PhyXServer\PhyXServer.csproj", "{562CD4DD-5182-46F3-9B05-D73178B37BFA}"
EndProject
Project("{2150E333-8FDC-42A3-9474-1A3956D46DE8}") = "SharedLib", "SharedLib", "{350EA7B3-B418-45B7-9EC1-90F45B451A96}"
EndProject
Project("{FAE04EC0-301F-11D3-BF4B-00C04F79EFBC}") = "Luban", "Luban\Luban.csproj", "{EC11805E-388A-4B1C-8CD3-CB5F103F9007}"
EndProject
Project("{FAE04EC0-301F-11D3-BF4B-00C04F79EFBC}") = "Position", "GameCore\Position\Position.csproj", "{74574FB6-6DE5-4393-9050-E9791E6A131E}"
EndProject
Project("{FAE04EC0-301F-11D3-BF4B-00C04F79EFBC}") = "PhysX", "GameCore\PhysX\PhysX.csproj", "{488700FD-BDAC-4E97-9D6C-96F56263E3FA}"
EndProject
Project("{FAE04EC0-301F-11D3-BF4B-00C04F79EFBC}") = "TestProject", "TestProject\TestProject.csproj", "{BEC6E654-9143-4E42-B4BE-3163D1CCAE1A}"
EndProject
Project("{FAE04EC0-301F-11D3-BF4B-00C04F79EFBC}") = "JoltServer", "JoltServer\JoltServer.csproj", "{9065DBD0-BE8D-4A3D-9A6D-61ABBEDA5C4F}"
EndProject
Project("{FAE04EC0-301F-11D3-BF4B-00C04F79EFBC}") = "Jolt.Shared", "Jolt.Shared\Jolt.Shared.csproj", "{708EEA5C-AA05-4B6B-A3A1-180C9563A39F}"
EndProject
Project("{FAE04EC0-301F-11D3-BF4B-00C04F79EFBC}") = "Repro", "Repro\Repro.csproj", "{E7A3F26F-4548-40AC-B808-D0C61354127A}"
EndProject
Global
	GlobalSection(SolutionConfigurationPlatforms) = preSolution
		Debug|Any CPU = Debug|Any CPU
		Release|Any CPU = Release|Any CPU
	EndGlobalSection
	GlobalSection(ProjectConfigurationPlatforms) = postSolution
		{853A13B3-CE32-46F1-AD82-AC40D8AC5281}.Release|Any CPU.ActiveCfg = Release|Any CPU
		{853A13B3-CE32-46F1-AD82-AC40D8AC5281}.Release|Any CPU.Build.0 = Release|Any CPU
		{853A13B3-CE32-46F1-AD82-AC40D8AC5281}.Debug|Any CPU.ActiveCfg = Release|Any CPU
		{853A13B3-CE32-46F1-AD82-AC40D8AC5281}.Debug|Any CPU.Build.0 = Release|Any CPU
		{E9FC348A-F46D-47EF-9D89-30B5199948DD}.Debug|Any CPU.ActiveCfg = Debug|Any CPU
		{E9FC348A-F46D-47EF-9D89-30B5199948DD}.Debug|Any CPU.Build.0 = Debug|Any CPU
		{E9FC348A-F46D-47EF-9D89-30B5199948DD}.Release|Any CPU.ActiveCfg = Release|Any CPU
		{E9FC348A-F46D-47EF-9D89-30B5199948DD}.Release|Any CPU.Build.0 = Release|Any CPU
		{8F5CF230-1D6B-461A-BA57-D93B2118F9E8}.Debug|Any CPU.ActiveCfg = Debug|Any CPU
		{8F5CF230-1D6B-461A-BA57-D93B2118F9E8}.Debug|Any CPU.Build.0 = Debug|Any CPU
		{8F5CF230-1D6B-461A-BA57-D93B2118F9E8}.Release|Any CPU.ActiveCfg = Release|Any CPU
		{8F5CF230-1D6B-461A-BA57-D93B2118F9E8}.Release|Any CPU.Build.0 = Release|Any CPU
		{DD5FAD8E-0384-40B0-9FE0-F7EE0F373CF4}.Debug|Any CPU.ActiveCfg = Debug|Any CPU
		{DD5FAD8E-0384-40B0-9FE0-F7EE0F373CF4}.Debug|Any CPU.Build.0 = Debug|Any CPU
		{DD5FAD8E-0384-40B0-9FE0-F7EE0F373CF4}.Release|Any CPU.ActiveCfg = Release|Any CPU
		{DD5FAD8E-0384-40B0-9FE0-F7EE0F373CF4}.Release|Any CPU.Build.0 = Release|Any CPU
		{CEB0E01A-36DD-440D-87DB-B9B72812BCB3}.Debug|Any CPU.ActiveCfg = Debug|Any CPU
		{CEB0E01A-36DD-440D-87DB-B9B72812BCB3}.Debug|Any CPU.Build.0 = Debug|Any CPU
		{CEB0E01A-36DD-440D-87DB-B9B72812BCB3}.Release|Any CPU.ActiveCfg = Release|Any CPU
		{CEB0E01A-36DD-440D-87DB-B9B72812BCB3}.Release|Any CPU.Build.0 = Release|Any CPU
		{669241D0-9E2B-4014-A46A-8F680E3A8220}.Release|Any CPU.ActiveCfg = Release|Any CPU
		{669241D0-9E2B-4014-A46A-8F680E3A8220}.Release|Any CPU.Build.0 = Release|Any CPU
		{669241D0-9E2B-4014-A46A-8F680E3A8220}.Debug|Any CPU.ActiveCfg = Release|Any CPU
		{669241D0-9E2B-4014-A46A-8F680E3A8220}.Debug|Any CPU.Build.0 = Release|Any CPU
		{805691AB-EC32-43D1-B2BD-35D972841878}.Release|Any CPU.ActiveCfg = Release|Any CPU
		{805691AB-EC32-43D1-B2BD-35D972841878}.Release|Any CPU.Build.0 = Release|Any CPU
		{805691AB-EC32-43D1-B2BD-35D972841878}.Debug|Any CPU.ActiveCfg = Release|Any CPU
		{805691AB-EC32-43D1-B2BD-35D972841878}.Debug|Any CPU.Build.0 = Release|Any CPU
		{90B86FA8-C4E2-478B-85A1-BD58E207254E}.Debug|Any CPU.ActiveCfg = Debug|Any CPU
		{90B86FA8-C4E2-478B-85A1-BD58E207254E}.Debug|Any CPU.Build.0 = Debug|Any CPU
		{90B86FA8-C4E2-478B-85A1-BD58E207254E}.Release|Any CPU.ActiveCfg = Release|Any CPU
		{90B86FA8-C4E2-478B-85A1-BD58E207254E}.Release|Any CPU.Build.0 = Release|Any CPU
		{EF0AE14B-7587-4ABE-AEC8-87F7384C53A3}.Debug|Any CPU.ActiveCfg = Debug|Any CPU
		{EF0AE14B-7587-4ABE-AEC8-87F7384C53A3}.Debug|Any CPU.Build.0 = Debug|Any CPU
		{EF0AE14B-7587-4ABE-AEC8-87F7384C53A3}.Release|Any CPU.ActiveCfg = Release|Any CPU
		{EF0AE14B-7587-4ABE-AEC8-87F7384C53A3}.Release|Any CPU.Build.0 = Release|Any CPU
		{2598052A-6324-4FD2-8F26-6F395A2E921F}.Debug|Any CPU.ActiveCfg = Debug|Any CPU
		{2598052A-6324-4FD2-8F26-6F395A2E921F}.Debug|Any CPU.Build.0 = Debug|Any CPU
		{2598052A-6324-4FD2-8F26-6F395A2E921F}.Release|Any CPU.ActiveCfg = Release|Any CPU
		{2598052A-6324-4FD2-8F26-6F395A2E921F}.Release|Any CPU.Build.0 = Release|Any CPU
		{27DDB457-770E-4C25-BC20-20CC347AC1ED}.Debug|Any CPU.ActiveCfg = Debug|Any CPU
		{27DDB457-770E-4C25-BC20-20CC347AC1ED}.Debug|Any CPU.Build.0 = Debug|Any CPU
		{27DDB457-770E-4C25-BC20-20CC347AC1ED}.Release|Any CPU.ActiveCfg = Release|Any CPU
		{27DDB457-770E-4C25-BC20-20CC347AC1ED}.Release|Any CPU.Build.0 = Release|Any CPU
		{562CD4DD-5182-46F3-9B05-D73178B37BFA}.Debug|Any CPU.ActiveCfg = Debug|Any CPU
		{562CD4DD-5182-46F3-9B05-D73178B37BFA}.Debug|Any CPU.Build.0 = Debug|Any CPU
		{562CD4DD-5182-46F3-9B05-D73178B37BFA}.Release|Any CPU.ActiveCfg = Release|Any CPU
		{562CD4DD-5182-46F3-9B05-D73178B37BFA}.Release|Any CPU.Build.0 = Release|Any CPU
		{EC11805E-388A-4B1C-8CD3-CB5F103F9007}.Debug|Any CPU.ActiveCfg = Debug|Any CPU
		{EC11805E-388A-4B1C-8CD3-CB5F103F9007}.Debug|Any CPU.Build.0 = Debug|Any CPU
		{EC11805E-388A-4B1C-8CD3-CB5F103F9007}.Release|Any CPU.ActiveCfg = Release|Any CPU
		{EC11805E-388A-4B1C-8CD3-CB5F103F9007}.Release|Any CPU.Build.0 = Release|Any CPU
		{74574FB6-6DE5-4393-9050-E9791E6A131E}.Debug|Any CPU.ActiveCfg = Debug|Any CPU
		{74574FB6-6DE5-4393-9050-E9791E6A131E}.Debug|Any CPU.Build.0 = Debug|Any CPU
		{74574FB6-6DE5-4393-9050-E9791E6A131E}.Release|Any CPU.ActiveCfg = Release|Any CPU
		{74574FB6-6DE5-4393-9050-E9791E6A131E}.Release|Any CPU.Build.0 = Release|Any CPU
		{488700FD-BDAC-4E97-9D6C-96F56263E3FA}.Debug|Any CPU.ActiveCfg = Debug|Any CPU
		{488700FD-BDAC-4E97-9D6C-96F56263E3FA}.Debug|Any CPU.Build.0 = Debug|Any CPU
		{488700FD-BDAC-4E97-9D6C-96F56263E3FA}.Release|Any CPU.ActiveCfg = Release|Any CPU
		{488700FD-BDAC-4E97-9D6C-96F56263E3FA}.Release|Any CPU.Build.0 = Release|Any CPU
		{BEC6E654-9143-4E42-B4BE-3163D1CCAE1A}.Debug|Any CPU.ActiveCfg = Debug|Any CPU
		{BEC6E654-9143-4E42-B4BE-3163D1CCAE1A}.Debug|Any CPU.Build.0 = Debug|Any CPU
		{BEC6E654-9143-4E42-B4BE-3163D1CCAE1A}.Release|Any CPU.ActiveCfg = Release|Any CPU
		{BEC6E654-9143-4E42-B4BE-3163D1CCAE1A}.Release|Any CPU.Build.0 = Release|Any CPU
		{9065DBD0-BE8D-4A3D-9A6D-61ABBEDA5C4F}.Debug|Any CPU.ActiveCfg = Debug|Any CPU
		{9065DBD0-BE8D-4A3D-9A6D-61ABBEDA5C4F}.Debug|Any CPU.Build.0 = Debug|Any CPU
		{9065DBD0-BE8D-4A3D-9A6D-61ABBEDA5C4F}.Release|Any CPU.ActiveCfg = Release|Any CPU
		{9065DBD0-BE8D-4A3D-9A6D-61ABBEDA5C4F}.Release|Any CPU.Build.0 = Release|Any CPU
		{708EEA5C-AA05-4B6B-A3A1-180C9563A39F}.Debug|Any CPU.ActiveCfg = Debug|Any CPU
		{708EEA5C-AA05-4B6B-A3A1-180C9563A39F}.Debug|Any CPU.Build.0 = Debug|Any CPU
		{708EEA5C-AA05-4B6B-A3A1-180C9563A39F}.Release|Any CPU.ActiveCfg = Release|Any CPU
		{708EEA5C-AA05-4B6B-A3A1-180C9563A39F}.Release|Any CPU.Build.0 = Release|Any CPU
		{E7A3F26F-4548-40AC-B808-D0C61354127A}.Debug|Any CPU.ActiveCfg = Debug|Any CPU
		{E7A3F26F-4548-40AC-B808-D0C61354127A}.Debug|Any CPU.Build.0 = Debug|Any CPU
		{E7A3F26F-4548-40AC-B808-D0C61354127A}.Release|Any CPU.ActiveCfg = Release|Any CPU
		{E7A3F26F-4548-40AC-B808-D0C61354127A}.Release|Any CPU.Build.0 = Release|Any CPU
	EndGlobalSection
	GlobalSection(NestedProjects) = preSolution
		{2598052A-6324-4FD2-8F26-6F395A2E921F} = {1AF5DAB6-B2D3-4ACF-B6B1-B3F83BD51CC7}
		{669241D0-9E2B-4014-A46A-8F680E3A8220} = {6D5A55FB-684A-4366-ACBB-85A7C67E02C0}
		{805691AB-EC32-43D1-B2BD-35D972841878} = {6D5A55FB-684A-4366-ACBB-85A7C67E02C0}
		{853A13B3-CE32-46F1-AD82-AC40D8AC5281} = {6D5A55FB-684A-4366-ACBB-85A7C67E02C0}
		{90B86FA8-C4E2-478B-85A1-BD58E207254E} = {6D5A55FB-684A-4366-ACBB-85A7C67E02C0}
		{EF0AE14B-7587-4ABE-AEC8-87F7384C53A3} = {6D5A55FB-684A-4366-ACBB-85A7C67E02C0}
		{CEB0E01A-36DD-440D-87DB-B9B72812BCB3} = {6D5A55FB-684A-4366-ACBB-85A7C67E02C0}
		{27DDB457-770E-4C25-BC20-20CC347AC1ED} = {2014A63C-50C8-4886-8DAB-014D95362E45}
		{8F5CF230-1D6B-461A-BA57-D93B2118F9E8} = {2014A63C-50C8-4886-8DAB-014D95362E45}
		{E9FC348A-F46D-47EF-9D89-30B5199948DD} = {2014A63C-50C8-4886-8DAB-014D95362E45}
		{DD5FAD8E-0384-40B0-9FE0-F7EE0F373CF4} = {2014A63C-50C8-4886-8DAB-014D95362E45}
		{562CD4DD-5182-46F3-9B05-D73178B37BFA} = {1AF5DAB6-B2D3-4ACF-B6B1-B3F83BD51CC7}
		{74574FB6-6DE5-4393-9050-E9791E6A131E} = {350EA7B3-B418-45B7-9EC1-90F45B451A96}
		{488700FD-BDAC-4E97-9D6C-96F56263E3FA} = {350EA7B3-B418-45B7-9EC1-90F45B451A96}
		{9065DBD0-BE8D-4A3D-9A6D-61ABBEDA5C4F} = {1AF5DAB6-B2D3-4ACF-B6B1-B3F83BD51CC7}
		{708EEA5C-AA05-4B6B-A3A1-180C9563A39F} = {350EA7B3-B418-45B7-9EC1-90F45B451A96}
		{E7A3F26F-4548-40AC-B808-D0C61354127A} = {1AF5DAB6-B2D3-4ACF-B6B1-B3F83BD51CC7}
	EndGlobalSection
EndGlobal
