
Microsoft Visual Studio Solution File, Format Version 12.00
Project("{FAE04EC0-301F-11D3-BF4B-00C04F79EFBC}") = "Toolkit", "Toolkit\Toolkit.csproj", "{853A13B3-CE32-46F1-AD82-AC40D8AC5281}"
EndProject
Project("{2150E333-8FDC-42A3-9474-1A3956D46DE8}") = "Solution Items", "Solution Items", "{3B520D17-8961-4147-97CE-077EDABFD468}"
	ProjectSection(SolutionItems) = preProject
		docker-compose.yml = docker-compose.yml
	EndProjectSection
EndProject
Project("{FAE04EC0-301F-11D3-BF4B-00C04F79EFBC}") = "ServerChat", "ServerChat\ServerChat.csproj", "{E9FC348A-F46D-47EF-9D89-30B5199948DD}"
EndProject
Project("{FAE04EC0-301F-11D3-BF4B-00C04F79EFBC}") = "ServerP2P", "ServerP2P\ServerP2P.csproj", "{8F5CF230-1D6B-461A-BA57-D93B2118F9E8}"
EndProject
Project("{FAE04EC0-301F-11D3-BF4B-00C04F79EFBC}") = "ServerBroadcast", "ServerBroadcast\ServerBroadcast.csproj", "{DD5FAD8E-0384-40B0-9FE0-F7EE0F373CF4}"
EndProject
Project("{FAE04EC0-301F-11D3-BF4B-00C04F79EFBC}") = "ServerPosition.Web", "ServerPosition.Web\ServerPosition.Web.csproj", "{27DDB457-770E-4C25-BC20-20CC347AC1ED}"
EndProject
Project("{2150E333-8FDC-42A3-9474-1A3956D46DE8}") = "Demo", "Demo", "{1AF5DAB6-B2D3-4ACF-B6B1-B3F83BD51CC7}"
EndProject
Project("{2150E333-8FDC-42A3-9474-1A3956D46DE8}") = "Empty", "Empty", "{2014A63C-50C8-4886-8DAB-014D95362E45}"
EndProject
Project("{2150E333-8FDC-42A3-9474-1A3956D46DE8}") = "SharedLib", "SharedLib", "{350EA7B3-B418-45B7-9EC1-90F45B451A96}"
EndProject
Project("{FAE04EC0-301F-11D3-BF4B-00C04F79EFBC}") = "Luban", "Luban\Luban.csproj", "{EC11805E-388A-4B1C-8CD3-CB5F103F9007}"
EndProject
Project("{FAE04EC0-301F-11D3-BF4B-00C04F79EFBC}") = "TestProject", "TestProject\TestProject.csproj", "{BEC6E654-9143-4E42-B4BE-3163D1CCAE1A}"
EndProject
Project("{FAE04EC0-301F-11D3-BF4B-00C04F79EFBC}") = "JoltServer", "JoltServer\JoltServer.csproj", "{9065DBD0-BE8D-4A3D-9A6D-61ABBEDA5C4F}"
EndProject
Project("{FAE04EC0-301F-11D3-BF4B-00C04F79EFBC}") = "GameCore", "GameCore\GameCore.csproj", "{708EEA5C-AA05-4B6B-A3A1-180C9563A39F}"
EndProject
Project("{FAE04EC0-301F-11D3-BF4B-00C04F79EFBC}") = "Repro", "Repro\Repro.csproj", "{E7A3F26F-4548-40AC-B808-D0C61354127A}"
EndProject
Project("{FAE04EC0-301F-11D3-BF4B-00C04F79EFBC}") = "JoltWarpper", "JoltWarpper\JoltWarpper.csproj", "{EF7CA6F5-18F6-463C-AA74-33B0D4B99B62}"
EndProject
Project("{2150E333-8FDC-42A3-9474-1A3956D46DE8}") = "Modules", "Modules", "{C5D47040-A990-4334-BB14-2E4F4E4947F4}"
EndProject
Project("{FAE04EC0-301F-11D3-BF4B-00C04F79EFBC}") = "JoltPhysicsSharp", "JoltPhysicsSharp\src\JoltPhysicsSharp\JoltPhysicsSharp.csproj", "{62A80968-FCD2-475A-90A3-DB2560C40713}"
EndProject
Project("{FAE04EC0-301F-11D3-BF4B-00C04F79EFBC}") = "LearnCSharp", "LearnCSharp\LearnCSharp.csproj", "{3C2D94C9-D109-4085-9805-C5A398B55C18}"
EndProject
Global
	GlobalSection(SolutionConfigurationPlatforms) = preSolution
		Debug|Any CPU = Debug|Any CPU
		Release|Any CPU = Release|Any CPU
	EndGlobalSection
	GlobalSection(ProjectConfigurationPlatforms) = postSolution
		{853A13B3-CE32-46F1-AD82-AC40D8AC5281}.Release|Any CPU.ActiveCfg = Release|Any CPU
		{853A13B3-CE32-46F1-AD82-AC40D8AC5281}.Release|Any CPU.Build.0 = Release|Any CPU
		{853A13B3-CE32-46F1-AD82-AC40D8AC5281}.Debug|Any CPU.ActiveCfg = Release|Any CPU
		{853A13B3-CE32-46F1-AD82-AC40D8AC5281}.Debug|Any CPU.Build.0 = Release|Any CPU
		{E9FC348A-F46D-47EF-9D89-30B5199948DD}.Debug|Any CPU.ActiveCfg = Debug|Any CPU
		{E9FC348A-F46D-47EF-9D89-30B5199948DD}.Debug|Any CPU.Build.0 = Debug|Any CPU
		{E9FC348A-F46D-47EF-9D89-30B5199948DD}.Release|Any CPU.ActiveCfg = Release|Any CPU
		{E9FC348A-F46D-47EF-9D89-30B5199948DD}.Release|Any CPU.Build.0 = Release|Any CPU
		{8F5CF230-1D6B-461A-BA57-D93B2118F9E8}.Debug|Any CPU.ActiveCfg = Debug|Any CPU
		{8F5CF230-1D6B-461A-BA57-D93B2118F9E8}.Debug|Any CPU.Build.0 = Debug|Any CPU
		{8F5CF230-1D6B-461A-BA57-D93B2118F9E8}.Release|Any CPU.ActiveCfg = Release|Any CPU
		{8F5CF230-1D6B-461A-BA57-D93B2118F9E8}.Release|Any CPU.Build.0 = Release|Any CPU
		{DD5FAD8E-0384-40B0-9FE0-F7EE0F373CF4}.Debug|Any CPU.ActiveCfg = Debug|Any CPU
		{DD5FAD8E-0384-40B0-9FE0-F7EE0F373CF4}.Debug|Any CPU.Build.0 = Debug|Any CPU
		{DD5FAD8E-0384-40B0-9FE0-F7EE0F373CF4}.Release|Any CPU.ActiveCfg = Release|Any CPU
		{DD5FAD8E-0384-40B0-9FE0-F7EE0F373CF4}.Release|Any CPU.Build.0 = Release|Any CPU
		{27DDB457-770E-4C25-BC20-20CC347AC1ED}.Debug|Any CPU.ActiveCfg = Debug|Any CPU
		{27DDB457-770E-4C25-BC20-20CC347AC1ED}.Debug|Any CPU.Build.0 = Debug|Any CPU
		{27DDB457-770E-4C25-BC20-20CC347AC1ED}.Release|Any CPU.ActiveCfg = Release|Any CPU
		{27DDB457-770E-4C25-BC20-20CC347AC1ED}.Release|Any CPU.Build.0 = Release|Any CPU
		{EC11805E-388A-4B1C-8CD3-CB5F103F9007}.Debug|Any CPU.ActiveCfg = Debug|Any CPU
		{EC11805E-388A-4B1C-8CD3-CB5F103F9007}.Debug|Any CPU.Build.0 = Debug|Any CPU
		{EC11805E-388A-4B1C-8CD3-CB5F103F9007}.Release|Any CPU.ActiveCfg = Release|Any CPU
		{EC11805E-388A-4B1C-8CD3-CB5F103F9007}.Release|Any CPU.Build.0 = Release|Any CPU
		{BEC6E654-9143-4E42-B4BE-3163D1CCAE1A}.Debug|Any CPU.ActiveCfg = Debug|Any CPU
		{BEC6E654-9143-4E42-B4BE-3163D1CCAE1A}.Debug|Any CPU.Build.0 = Debug|Any CPU
		{BEC6E654-9143-4E42-B4BE-3163D1CCAE1A}.Release|Any CPU.ActiveCfg = Release|Any CPU
		{BEC6E654-9143-4E42-B4BE-3163D1CCAE1A}.Release|Any CPU.Build.0 = Release|Any CPU
		{9065DBD0-BE8D-4A3D-9A6D-61ABBEDA5C4F}.Debug|Any CPU.ActiveCfg = Debug|Any CPU
		{9065DBD0-BE8D-4A3D-9A6D-61ABBEDA5C4F}.Debug|Any CPU.Build.0 = Debug|Any CPU
		{9065DBD0-BE8D-4A3D-9A6D-61ABBEDA5C4F}.Release|Any CPU.ActiveCfg = Release|Any CPU
		{9065DBD0-BE8D-4A3D-9A6D-61ABBEDA5C4F}.Release|Any CPU.Build.0 = Release|Any CPU
		{708EEA5C-AA05-4B6B-A3A1-180C9563A39F}.Debug|Any CPU.ActiveCfg = Debug|Any CPU
		{708EEA5C-AA05-4B6B-A3A1-180C9563A39F}.Debug|Any CPU.Build.0 = Debug|Any CPU
		{708EEA5C-AA05-4B6B-A3A1-180C9563A39F}.Release|Any CPU.ActiveCfg = Release|Any CPU
		{708EEA5C-AA05-4B6B-A3A1-180C9563A39F}.Release|Any CPU.Build.0 = Release|Any CPU
		{E7A3F26F-4548-40AC-B808-D0C61354127A}.Debug|Any CPU.ActiveCfg = Debug|Any CPU
		{E7A3F26F-4548-40AC-B808-D0C61354127A}.Debug|Any CPU.Build.0 = Debug|Any CPU
		{E7A3F26F-4548-40AC-B808-D0C61354127A}.Release|Any CPU.ActiveCfg = Release|Any CPU
		{E7A3F26F-4548-40AC-B808-D0C61354127A}.Release|Any CPU.Build.0 = Release|Any CPU
		{EF7CA6F5-18F6-463C-AA74-33B0D4B99B62}.Debug|Any CPU.ActiveCfg = Debug|Any CPU
		{EF7CA6F5-18F6-463C-AA74-33B0D4B99B62}.Debug|Any CPU.Build.0 = Debug|Any CPU
		{EF7CA6F5-18F6-463C-AA74-33B0D4B99B62}.Release|Any CPU.ActiveCfg = Release|Any CPU
		{EF7CA6F5-18F6-463C-AA74-33B0D4B99B62}.Release|Any CPU.Build.0 = Release|Any CPU
		{62A80968-FCD2-475A-90A3-DB2560C40713}.Debug|Any CPU.ActiveCfg = Debug|Any CPU
		{62A80968-FCD2-475A-90A3-DB2560C40713}.Debug|Any CPU.Build.0 = Debug|Any CPU
		{62A80968-FCD2-475A-90A3-DB2560C40713}.Release|Any CPU.ActiveCfg = Release|Any CPU
		{62A80968-FCD2-475A-90A3-DB2560C40713}.Release|Any CPU.Build.0 = Release|Any CPU
		{3C2D94C9-D109-4085-9805-C5A398B55C18}.Debug|Any CPU.ActiveCfg = Debug|Any CPU
		{3C2D94C9-D109-4085-9805-C5A398B55C18}.Debug|Any CPU.Build.0 = Debug|Any CPU
		{3C2D94C9-D109-4085-9805-C5A398B55C18}.Release|Any CPU.ActiveCfg = Release|Any CPU
		{3C2D94C9-D109-4085-9805-C5A398B55C18}.Release|Any CPU.Build.0 = Release|Any CPU
	EndGlobalSection
	GlobalSection(NestedProjects) = preSolution
		{27DDB457-770E-4C25-BC20-20CC347AC1ED} = {2014A63C-50C8-4886-8DAB-014D95362E45}
		{8F5CF230-1D6B-461A-BA57-D93B2118F9E8} = {2014A63C-50C8-4886-8DAB-014D95362E45}
		{E9FC348A-F46D-47EF-9D89-30B5199948DD} = {2014A63C-50C8-4886-8DAB-014D95362E45}
		{DD5FAD8E-0384-40B0-9FE0-F7EE0F373CF4} = {2014A63C-50C8-4886-8DAB-014D95362E45}
		{9065DBD0-BE8D-4A3D-9A6D-61ABBEDA5C4F} = {1AF5DAB6-B2D3-4ACF-B6B1-B3F83BD51CC7}
		{708EEA5C-AA05-4B6B-A3A1-180C9563A39F} = {350EA7B3-B418-45B7-9EC1-90F45B451A96}
		{E7A3F26F-4548-40AC-B808-D0C61354127A} = {1AF5DAB6-B2D3-4ACF-B6B1-B3F83BD51CC7}
		{853A13B3-CE32-46F1-AD82-AC40D8AC5281} = {350EA7B3-B418-45B7-9EC1-90F45B451A96}
		{EF7CA6F5-18F6-463C-AA74-33B0D4B99B62} = {1AF5DAB6-B2D3-4ACF-B6B1-B3F83BD51CC7}
		{62A80968-FCD2-475A-90A3-DB2560C40713} = {C5D47040-A990-4334-BB14-2E4F4E4947F4}
		{3C2D94C9-D109-4085-9805-C5A398B55C18} = {1AF5DAB6-B2D3-4ACF-B6B1-B3F83BD51CC7}
	EndGlobalSection
EndGlobal
