
Microsoft Visual Studio Solution File, Format Version 12.00
Project("{FAE04EC0-301F-11D3-BF4B-00C04F79EFBC}") = "Toolkit", "Toolkit\Toolkit.csproj", "{853A13B3-CE32-46F1-AD82-AC40D8AC5281}"
EndProject
Project("{2150E333-8FDC-42A3-9474-1A3956D46DE8}") = "Demo", "Demo", "{1AF5DAB6-B2D3-4ACF-B6B1-B3F83BD51CC7}"
EndProject
Project("{2150E333-8FDC-42A3-9474-1A3956D46DE8}") = "SharedLib", "SharedLib", "{350EA7B3-B418-45B7-9EC1-90F45B451A96}"
EndProject
Project("{FAE04EC0-301F-11D3-BF4B-00C04F79EFBC}") = "Luban", "Luban\Luban.csproj", "{EC11805E-388A-4B1C-8CD3-CB5F103F9007}"
EndProject
Project("{FAE04EC0-301F-11D3-BF4B-00C04F79EFBC}") = "TestProject", "TestProject\TestProject.csproj", "{BEC6E654-9143-4E42-B4BE-3163D1CCAE1A}"
EndProject
Project("{FAE04EC0-301F-11D3-BF4B-00C04F79EFBC}") = "JoltServer", "JoltServer\JoltServer.csproj", "{9065DBD0-BE8D-4A3D-9A6D-61ABBEDA5C4F}"
EndProject
Project("{FAE04EC0-301F-11D3-BF4B-00C04F79EFBC}") = "JoltWarpper", "JoltWarpper\JoltWarpper.csproj", "{EF7CA6F5-18F6-463C-AA74-33B0D4B99B62}"
EndProject
Project("{2150E333-8FDC-42A3-9474-1A3956D46DE8}") = "Modules", "Modules", "{C5D47040-A990-4334-BB14-2E4F4E4947F4}"
EndProject
Project("{FAE04EC0-301F-11D3-BF4B-00C04F79EFBC}") = "JoltPhysicsSharp", "JoltPhysicsSharp\src\JoltPhysicsSharp\JoltPhysicsSharp.csproj", "{62A80968-FCD2-475A-90A3-DB2560C40713}"
EndProject
Project("{FAE04EC0-301F-11D3-BF4B-00C04F79EFBC}") = "SoccerGameServer", "SoccerGameServer\SoccerGameServer.csproj", "{3742C5B0-12C0-438D-97D1-860F412770A9}"
EndProject
Project("{FAE04EC0-301F-11D3-BF4B-00C04F79EFBC}") = "GameCore.Soccer", "GameCore.Soccer\GameCore.Soccer.csproj", "{29582473-A2C1-46B9-A4EC-5A65FA3AEB08}"
EndProject
Project("{FAE04EC0-301F-11D3-BF4B-00C04F79EFBC}") = "JoltPhysics.Native", "JoltPhysicsSharp\src\JoltPhysics.Native\JoltPhysics.Native.csproj", "{8D24A45F-090C-4A0D-8A93-23E93E96F10A}"
EndProject
Project("{FAE04EC0-301F-11D3-BF4B-00C04F79EFBC}") = "HelloOrleansClient", "HelloOrleansClient\HelloOrleansClient.csproj", "{B8B0610D-2021-4BAF-81A8-CA35130F4426}"
EndProject
Project("{FAE04EC0-301F-11D3-BF4B-00C04F79EFBC}") = "HelloOrleansServer", "HelloOrleansServer\HelloOrleansServer.csproj", "{3318679A-11FF-400E-8662-973D07401BE9}"
EndProject
Project("{FAE04EC0-301F-11D3-BF4B-00C04F79EFBC}") = "HelloOrleansInterfaces", "HelloOrleansInterfaces\HelloOrleansInterfaces.csproj", "{FEE2EF9D-C8C0-450D-A6AB-47711FAFD6C0}"
EndProject
Project("{FAE04EC0-301F-11D3-BF4B-00C04F79EFBC}") = "HelloOrleansGrains", "HelloOrleansGrains\HelloOrleansGrains.csproj", "{BBC8411A-7168-4CB6-A659-8EA85D8E130A}"
EndProject
Project("{2150E333-8FDC-42A3-9474-1A3956D46DE8}") = "DemoOrleans", "DemoOrleans", "{D16A1D8B-1558-4EE1-8801-E912A7858A85}"
EndProject
Global
	GlobalSection(SolutionConfigurationPlatforms) = preSolution
		Debug|Any CPU = Debug|Any CPU
		Release|Any CPU = Release|Any CPU
	EndGlobalSection
	GlobalSection(ProjectConfigurationPlatforms) = postSolution
		{853A13B3-CE32-46F1-AD82-AC40D8AC5281}.Release|Any CPU.ActiveCfg = Release|Any CPU
		{853A13B3-CE32-46F1-AD82-AC40D8AC5281}.Release|Any CPU.Build.0 = Release|Any CPU
		{853A13B3-CE32-46F1-AD82-AC40D8AC5281}.Debug|Any CPU.ActiveCfg = Release|Any CPU
		{853A13B3-CE32-46F1-AD82-AC40D8AC5281}.Debug|Any CPU.Build.0 = Release|Any CPU
		{EC11805E-388A-4B1C-8CD3-CB5F103F9007}.Debug|Any CPU.ActiveCfg = Debug|Any CPU
		{EC11805E-388A-4B1C-8CD3-CB5F103F9007}.Debug|Any CPU.Build.0 = Debug|Any CPU
		{EC11805E-388A-4B1C-8CD3-CB5F103F9007}.Release|Any CPU.ActiveCfg = Release|Any CPU
		{EC11805E-388A-4B1C-8CD3-CB5F103F9007}.Release|Any CPU.Build.0 = Release|Any CPU
		{BEC6E654-9143-4E42-B4BE-3163D1CCAE1A}.Debug|Any CPU.ActiveCfg = Debug|Any CPU
		{BEC6E654-9143-4E42-B4BE-3163D1CCAE1A}.Debug|Any CPU.Build.0 = Debug|Any CPU
		{BEC6E654-9143-4E42-B4BE-3163D1CCAE1A}.Release|Any CPU.ActiveCfg = Release|Any CPU
		{BEC6E654-9143-4E42-B4BE-3163D1CCAE1A}.Release|Any CPU.Build.0 = Release|Any CPU
		{9065DBD0-BE8D-4A3D-9A6D-61ABBEDA5C4F}.Debug|Any CPU.ActiveCfg = Debug|Any CPU
		{9065DBD0-BE8D-4A3D-9A6D-61ABBEDA5C4F}.Debug|Any CPU.Build.0 = Debug|Any CPU
		{9065DBD0-BE8D-4A3D-9A6D-61ABBEDA5C4F}.Release|Any CPU.ActiveCfg = Release|Any CPU
		{9065DBD0-BE8D-4A3D-9A6D-61ABBEDA5C4F}.Release|Any CPU.Build.0 = Release|Any CPU
		{EF7CA6F5-18F6-463C-AA74-33B0D4B99B62}.Debug|Any CPU.ActiveCfg = Debug|Any CPU
		{EF7CA6F5-18F6-463C-AA74-33B0D4B99B62}.Debug|Any CPU.Build.0 = Debug|Any CPU
		{EF7CA6F5-18F6-463C-AA74-33B0D4B99B62}.Release|Any CPU.ActiveCfg = Release|Any CPU
		{EF7CA6F5-18F6-463C-AA74-33B0D4B99B62}.Release|Any CPU.Build.0 = Release|Any CPU
		{62A80968-FCD2-475A-90A3-DB2560C40713}.Debug|Any CPU.ActiveCfg = Debug|Any CPU
		{62A80968-FCD2-475A-90A3-DB2560C40713}.Debug|Any CPU.Build.0 = Debug|Any CPU
		{62A80968-FCD2-475A-90A3-DB2560C40713}.Release|Any CPU.ActiveCfg = Release|Any CPU
		{62A80968-FCD2-475A-90A3-DB2560C40713}.Release|Any CPU.Build.0 = Release|Any CPU
		{3742C5B0-12C0-438D-97D1-860F412770A9}.Debug|Any CPU.ActiveCfg = Debug|Any CPU
		{3742C5B0-12C0-438D-97D1-860F412770A9}.Debug|Any CPU.Build.0 = Debug|Any CPU
		{3742C5B0-12C0-438D-97D1-860F412770A9}.Release|Any CPU.ActiveCfg = Release|Any CPU
		{3742C5B0-12C0-438D-97D1-860F412770A9}.Release|Any CPU.Build.0 = Release|Any CPU
		{29582473-A2C1-46B9-A4EC-5A65FA3AEB08}.Debug|Any CPU.ActiveCfg = Debug|Any CPU
		{29582473-A2C1-46B9-A4EC-5A65FA3AEB08}.Debug|Any CPU.Build.0 = Debug|Any CPU
		{29582473-A2C1-46B9-A4EC-5A65FA3AEB08}.Release|Any CPU.ActiveCfg = Release|Any CPU
		{29582473-A2C1-46B9-A4EC-5A65FA3AEB08}.Release|Any CPU.Build.0 = Release|Any CPU
		{8D24A45F-090C-4A0D-8A93-23E93E96F10A}.Debug|Any CPU.ActiveCfg = Debug|Any CPU
		{8D24A45F-090C-4A0D-8A93-23E93E96F10A}.Debug|Any CPU.Build.0 = Debug|Any CPU
		{8D24A45F-090C-4A0D-8A93-23E93E96F10A}.Release|Any CPU.ActiveCfg = Release|Any CPU
		{8D24A45F-090C-4A0D-8A93-23E93E96F10A}.Release|Any CPU.Build.0 = Release|Any CPU
		{B8B0610D-2021-4BAF-81A8-CA35130F4426}.Debug|Any CPU.ActiveCfg = Debug|Any CPU
		{B8B0610D-2021-4BAF-81A8-CA35130F4426}.Debug|Any CPU.Build.0 = Debug|Any CPU
		{B8B0610D-2021-4BAF-81A8-CA35130F4426}.Release|Any CPU.ActiveCfg = Release|Any CPU
		{B8B0610D-2021-4BAF-81A8-CA35130F4426}.Release|Any CPU.Build.0 = Release|Any CPU
		{3318679A-11FF-400E-8662-973D07401BE9}.Debug|Any CPU.ActiveCfg = Debug|Any CPU
		{3318679A-11FF-400E-8662-973D07401BE9}.Debug|Any CPU.Build.0 = Debug|Any CPU
		{3318679A-11FF-400E-8662-973D07401BE9}.Release|Any CPU.ActiveCfg = Release|Any CPU
		{3318679A-11FF-400E-8662-973D07401BE9}.Release|Any CPU.Build.0 = Release|Any CPU
		{FEE2EF9D-C8C0-450D-A6AB-47711FAFD6C0}.Debug|Any CPU.ActiveCfg = Debug|Any CPU
		{FEE2EF9D-C8C0-450D-A6AB-47711FAFD6C0}.Debug|Any CPU.Build.0 = Debug|Any CPU
		{FEE2EF9D-C8C0-450D-A6AB-47711FAFD6C0}.Release|Any CPU.ActiveCfg = Release|Any CPU
		{FEE2EF9D-C8C0-450D-A6AB-47711FAFD6C0}.Release|Any CPU.Build.0 = Release|Any CPU
		{BBC8411A-7168-4CB6-A659-8EA85D8E130A}.Debug|Any CPU.ActiveCfg = Debug|Any CPU
		{BBC8411A-7168-4CB6-A659-8EA85D8E130A}.Debug|Any CPU.Build.0 = Debug|Any CPU
		{BBC8411A-7168-4CB6-A659-8EA85D8E130A}.Release|Any CPU.ActiveCfg = Release|Any CPU
		{BBC8411A-7168-4CB6-A659-8EA85D8E130A}.Release|Any CPU.Build.0 = Release|Any CPU
	EndGlobalSection
	GlobalSection(NestedProjects) = preSolution
		{9065DBD0-BE8D-4A3D-9A6D-61ABBEDA5C4F} = {1AF5DAB6-B2D3-4ACF-B6B1-B3F83BD51CC7}
		{853A13B3-CE32-46F1-AD82-AC40D8AC5281} = {350EA7B3-B418-45B7-9EC1-90F45B451A96}
		{EF7CA6F5-18F6-463C-AA74-33B0D4B99B62} = {1AF5DAB6-B2D3-4ACF-B6B1-B3F83BD51CC7}
		{62A80968-FCD2-475A-90A3-DB2560C40713} = {C5D47040-A990-4334-BB14-2E4F4E4947F4}
		{29582473-A2C1-46B9-A4EC-5A65FA3AEB08} = {350EA7B3-B418-45B7-9EC1-90F45B451A96}
		{3742C5B0-12C0-438D-97D1-860F412770A9} = {1AF5DAB6-B2D3-4ACF-B6B1-B3F83BD51CC7}
		{8D24A45F-090C-4A0D-8A93-23E93E96F10A} = {C5D47040-A990-4334-BB14-2E4F4E4947F4}
		{B8B0610D-2021-4BAF-81A8-CA35130F4426} = {D16A1D8B-1558-4EE1-8801-E912A7858A85}
		{BBC8411A-7168-4CB6-A659-8EA85D8E130A} = {D16A1D8B-1558-4EE1-8801-E912A7858A85}
		{FEE2EF9D-C8C0-450D-A6AB-47711FAFD6C0} = {D16A1D8B-1558-4EE1-8801-E912A7858A85}
		{3318679A-11FF-400E-8662-973D07401BE9} = {D16A1D8B-1558-4EE1-8801-E912A7858A85}
	EndGlobalSection
EndGlobal
